
Microsoft Visual Studio Solution File, Format Version 12.00
# Visual Studio Version 16
VisualStudioVersion = 16.0.31911.196
MinimumVisualStudioVersion = 10.0.40219.1
Project("{FAE04EC0-301F-11D3-BF4B-00C04F79EFBC}") = "Labb4_MVC", "Labb4_MVC\Labb4_MVC.csproj", "{704E8FD0-9FBF-4941-BAD3-283C99E78E5F}"
EndProject
Global
	GlobalSection(SolutionConfigurationPlatforms) = preSolution
		Debug|Any CPU = Debug|Any CPU
		Release|Any CPU = Release|Any CPU
	EndGlobalSection
	GlobalSection(ProjectConfigurationPlatforms) = postSolution
		{704E8FD0-9FBF-4941-BAD3-283C99E78E5F}.Debug|Any CPU.ActiveCfg = Debug|Any CPU
		{704E8FD0-9FBF-4941-BAD3-283C99E78E5F}.Debug|Any CPU.Build.0 = Debug|Any CPU
		{704E8FD0-9FBF-4941-BAD3-283C99E78E5F}.Release|Any CPU.ActiveCfg = Release|Any CPU
		{704E8FD0-9FBF-4941-BAD3-283C99E78E5F}.Release|Any CPU.Build.0 = Release|Any CPU
	EndGlobalSection
	GlobalSection(SolutionProperties) = preSolution
		HideSolutionNode = FALSE
	EndGlobalSection
	GlobalSection(ExtensibilityGlobals) = postSolution
		SolutionGuid = {56BD1619-B37C-4DB9-8A86-4B8C4C21C7BD}
	EndGlobalSection
EndGlobal
